
Microsoft Visual Studio Solution File, Format Version 12.00
# Visual Studio Version 16
VisualStudioVersion = 16.0.29728.190
MinimumVisualStudioVersion = 10.0.40219.1
Project("{FAE04EC0-301F-11D3-BF4B-00C04F79EFBC}") = "JO2012", "JO2012\JO2012.csproj", "{5DC41EE5-3B3B-4E69-80B8-D84B55707410}"
EndProject
Global
	GlobalSection(SolutionConfigurationPlatforms) = preSolution
		Debug|Any CPU = Debug|Any CPU
		Release|Any CPU = Release|Any CPU
	EndGlobalSection
	GlobalSection(ProjectConfigurationPlatforms) = postSolution
		{5DC41EE5-3B3B-4E69-80B8-D84B55707410}.Debug|Any CPU.ActiveCfg = Debug|Any CPU
		{5DC41EE5-3B3B-4E69-80B8-D84B55707410}.Debug|Any CPU.Build.0 = Debug|Any CPU
		{5DC41EE5-3B3B-4E69-80B8-D84B55707410}.Release|Any CPU.ActiveCfg = Release|Any CPU
		{5DC41EE5-3B3B-4E69-80B8-D84B55707410}.Release|Any CPU.Build.0 = Release|Any CPU
	EndGlobalSection
	GlobalSection(SolutionProperties) = preSolution
		HideSolutionNode = FALSE
	EndGlobalSection
	GlobalSection(ExtensibilityGlobals) = postSolution
		SolutionGuid = {4F9DE944-84EE-4B8C-856E-9D25BB697D4F}
	EndGlobalSection
EndGlobal
